
Microsoft Visual Studio Solution File, Format Version 12.00
# Visual Studio Version 16
VisualStudioVersion = 16.0.31515.178
MinimumVisualStudioVersion = 10.0.40219.1
Project("{FAE04EC0-301F-11D3-BF4B-00C04F79EFBC}") = "Assignment1_EntityFrameworkAsp.NetMVC", "Assignment1_EntityFrameworkAsp.NetMVC\Assignment1_EntityFrameworkAsp.NetMVC.csproj", "{31FA0A96-669E-4FC4-AA6A-31863A7FB6DF}"
EndProject
Global
	GlobalSection(SolutionConfigurationPlatforms) = preSolution
		Debug|Any CPU = Debug|Any CPU
		Release|Any CPU = Release|Any CPU
	EndGlobalSection
	GlobalSection(ProjectConfigurationPlatforms) = postSolution
		{31FA0A96-669E-4FC4-AA6A-31863A7FB6DF}.Debug|Any CPU.ActiveCfg = Debug|Any CPU
		{31FA0A96-669E-4FC4-AA6A-31863A7FB6DF}.Debug|Any CPU.Build.0 = Debug|Any CPU
		{31FA0A96-669E-4FC4-AA6A-31863A7FB6DF}.Release|Any CPU.ActiveCfg = Release|Any CPU
		{31FA0A96-669E-4FC4-AA6A-31863A7FB6DF}.Release|Any CPU.Build.0 = Release|Any CPU
	EndGlobalSection
	GlobalSection(SolutionProperties) = preSolution
		HideSolutionNode = FALSE
	EndGlobalSection
	GlobalSection(ExtensibilityGlobals) = postSolution
		SolutionGuid = {ABF3D1BE-F973-4EF9-93E4-64D13DD31306}
	EndGlobalSection
EndGlobal
